
Microsoft Visual Studio Solution File, Format Version 12.00
# Visual Studio Version 16
VisualStudioVersion = 16.0.30621.155
MinimumVisualStudioVersion = 10.0.40219.1
Project("{9A19103F-16F7-4668-BE54-9A1E7A4F7556}") = "Ligum-Roller", "Ligum-Roller\Ligum-Roller.csproj", "{7C108DE1-B9FE-49E2-B5C7-0B29A2AF940B}"
EndProject
Global
	GlobalSection(SolutionConfigurationPlatforms) = preSolution
		Debug|Any CPU = Debug|Any CPU
		Release|Any CPU = Release|Any CPU
	EndGlobalSection
	GlobalSection(ProjectConfigurationPlatforms) = postSolution
		{7C108DE1-B9FE-49E2-B5C7-0B29A2AF940B}.Debug|Any CPU.ActiveCfg = Debug|Any CPU
		{7C108DE1-B9FE-49E2-B5C7-0B29A2AF940B}.Debug|Any CPU.Build.0 = Debug|Any CPU
		{7C108DE1-B9FE-49E2-B5C7-0B29A2AF940B}.Release|Any CPU.ActiveCfg = Release|Any CPU
		{7C108DE1-B9FE-49E2-B5C7-0B29A2AF940B}.Release|Any CPU.Build.0 = Release|Any CPU
	EndGlobalSection
	GlobalSection(SolutionProperties) = preSolution
		HideSolutionNode = FALSE
	EndGlobalSection
	GlobalSection(ExtensibilityGlobals) = postSolution
		SolutionGuid = {8B18C961-2676-43BC-9F48-B95CDB463C20}
	EndGlobalSection
EndGlobal
